
Microsoft Visual Studio Solution File, Format Version 12.00
Project("{FAE04EC0-301F-11D3-BF4B-00C04F79EFBC}") = "PsP", "PsP\PsP.csproj", "{A365ED87-96FA-4F5C-B6D7-A71E9E9D90D4}"
EndProject
Project("{FAE04EC0-301F-11D3-BF4B-00C04F79EFBC}") = "TestProject1", "TestProject1\TestProject1.csproj", "{5EA95AFC-93D1-4B11-9794-5770A9EB2A90}"
EndProject
Global
	GlobalSection(SolutionConfigurationPlatforms) = preSolution
		Debug|Any CPU = Debug|Any CPU
		Release|Any CPU = Release|Any CPU
	EndGlobalSection
	GlobalSection(ProjectConfigurationPlatforms) = postSolution
		{A365ED87-96FA-4F5C-B6D7-A71E9E9D90D4}.Debug|Any CPU.ActiveCfg = Debug|Any CPU
		{A365ED87-96FA-4F5C-B6D7-A71E9E9D90D4}.Debug|Any CPU.Build.0 = Debug|Any CPU
		{A365ED87-96FA-4F5C-B6D7-A71E9E9D90D4}.Release|Any CPU.ActiveCfg = Release|Any CPU
		{A365ED87-96FA-4F5C-B6D7-A71E9E9D90D4}.Release|Any CPU.Build.0 = Release|Any CPU
		{5EA95AFC-93D1-4B11-9794-5770A9EB2A90}.Debug|Any CPU.ActiveCfg = Debug|Any CPU
		{5EA95AFC-93D1-4B11-9794-5770A9EB2A90}.Debug|Any CPU.Build.0 = Debug|Any CPU
		{5EA95AFC-93D1-4B11-9794-5770A9EB2A90}.Release|Any CPU.ActiveCfg = Release|Any CPU
		{5EA95AFC-93D1-4B11-9794-5770A9EB2A90}.Release|Any CPU.Build.0 = Release|Any CPU
	EndGlobalSection
EndGlobal
